
Microsoft Visual Studio Solution File, Format Version 12.00
# Visual Studio Version 16
VisualStudioVersion = 16.0.32106.194
MinimumVisualStudioVersion = 10.0.40219.1
Project("{9A19103F-16F7-4668-BE54-9A1E7A4F7556}") = "KTPO4317.Nikonov.UnitTest", "KTPO4317.Nikonov.UnitTest\KTPO4317.Nikonov.UnitTest.csproj", "{BE83E7A7-4127-4A15-A440-B3AF8EDDBF14}"
EndProject
Project("{FAE04EC0-301F-11D3-BF4B-00C04F79EFBC}") = "KTPO4317.Nikonov.Lib", "KTPO4317.Nikonov.Lib\KTPO4317.Nikonov.Lib.csproj", "{793E1345-7B91-435E-8A0A-8D56C2CDE991}"
EndProject
Global
	GlobalSection(SolutionConfigurationPlatforms) = preSolution
		Debug|Any CPU = Debug|Any CPU
		Release|Any CPU = Release|Any CPU
	EndGlobalSection
	GlobalSection(ProjectConfigurationPlatforms) = postSolution
		{BE83E7A7-4127-4A15-A440-B3AF8EDDBF14}.Debug|Any CPU.ActiveCfg = Debug|Any CPU
		{BE83E7A7-4127-4A15-A440-B3AF8EDDBF14}.Debug|Any CPU.Build.0 = Debug|Any CPU
		{BE83E7A7-4127-4A15-A440-B3AF8EDDBF14}.Release|Any CPU.ActiveCfg = Release|Any CPU
		{BE83E7A7-4127-4A15-A440-B3AF8EDDBF14}.Release|Any CPU.Build.0 = Release|Any CPU
		{793E1345-7B91-435E-8A0A-8D56C2CDE991}.Debug|Any CPU.ActiveCfg = Debug|Any CPU
		{793E1345-7B91-435E-8A0A-8D56C2CDE991}.Debug|Any CPU.Build.0 = Debug|Any CPU
		{793E1345-7B91-435E-8A0A-8D56C2CDE991}.Release|Any CPU.ActiveCfg = Release|Any CPU
		{793E1345-7B91-435E-8A0A-8D56C2CDE991}.Release|Any CPU.Build.0 = Release|Any CPU
	EndGlobalSection
	GlobalSection(SolutionProperties) = preSolution
		HideSolutionNode = FALSE
	EndGlobalSection
	GlobalSection(ExtensibilityGlobals) = postSolution
		SolutionGuid = {E7C79EA8-15E8-4313-8007-911AAD72328F}
	EndGlobalSection
EndGlobal
